<?xml version="1.0" encoding="utf-8"?>
<Project ToolsVersion="4.0" xmlns="http://schemas.microsoft.com/developer/msbuild/2003">
  <ItemGroup>
    <Midl Include="App.idl" />
    <Midl Include="MainWindow.idl" />
  </ItemGroup>
  <ItemGroup>
    <ClCompile Include="$(GeneratedFilesDir)module.g.cpp">
      <Filter>Source Files</Filter>
    </ClCompile>
    <ClCompile Include="pch.cpp">
      <Filter>Source Files</Filter>
    </ClCompile>
    <ClCompile Include="ColorHelper.cpp">
      <Filter>Source Files</Filter>
    </ClCompile>
  </ItemGroup>
  <ItemGroup>
    <Image Include="Assets\Wide310x150Logo.scale-200.png">
      <Filter>Assets</Filter>
    </Image>
    <Image Include="Assets\StoreLogo.png">
      <Filter>Assets</Filter>
    </Image>
    <Image Include="Assets\Square150x150Logo.scale-200.png">
      <Filter>Assets</Filter>
    </Image>
    <Image Include="Assets\Square44x44Logo.targetsize-24_altform-unplated.png">
      <Filter>Assets</Filter>
    </Image>
    <Image Include="Assets\Square44x44Logo.scale-200.png">
      <Filter>Assets</Filter>
    </Image>
    <Image Include="Assets\SplashScreen.scale-200.png">
      <Filter>Assets</Filter>
    </Image>
    <Image Include="Assets\LockScreenLogo.scale-200.png">
      <Filter>Assets</Filter>
    </Image>
    <Image Include="Assets\icon.ico">
      <Filter>Assets</Filter>
    </Image>
    <Image Include="Assets\small.ico">
      <Filter>Assets</Filter>
    </Image>
  </ItemGroup>
  <ItemGroup>
    <Filter Include="Assets">
      <UniqueIdentifier>{0e5cb006-e9be-4c21-99f8-97c60b8d4a37}</UniqueIdentifier>
      <Extensions>png;jpeg;jpg;bmp;ico</Extensions>
    </Filter>
    <Filter Include="Views">
      <UniqueIdentifier>{49b4e531-3e0a-4d17-8bc9-57d37e04b922}</UniqueIdentifier>
      <Extensions>xaml</Extensions>
    </Filter>
    <Filter Include="Resource Files">
      <UniqueIdentifier>{d98bbeff-4f5c-4f67-b825-ee0f00e4e528}</UniqueIdentifier>
      <Extensions>rc;cur;dlg;rc2;rct;bin;rgs;resx;wav;mfcribbon-ms</Extensions>
    </Filter>
    <Filter Include="Source Files">
      <UniqueIdentifier>{39c0b6c4-bfe0-4c47-9355-1fb7e9baa7f3}</UniqueIdentifier>
      <Extensions>cpp;c;cc;cxx;c++;cppm;ixx;def;odl;idl;hpj;bat;asm;asmx</Extensions>
    </Filter>
    <Filter Include="Header Files">
      <UniqueIdentifier>{073b7c72-06f2-4eaa-b178-66e390511604}</UniqueIdentifier>
      <Extensions>h;hh;hpp;hxx;h++;hm;inl;inc;ipp;xsd</Extensions>
    </Filter>
  </ItemGroup>
  <ItemGroup>
    <ApplicationDefinition Include="App.xaml">
      <Filter>Views</Filter>
    </ApplicationDefinition>
  </ItemGroup>
  <ItemGroup>
    <Page Include="MainWindow.xaml">
      <Filter>Views</Filter>
    </Page>
    <Page Include="GlobalStyle.xaml">
      <Filter>Views</Filter>
    </Page>
    <Page Include="ColorInfoBar.xaml">
      <Filter>Views</Filter>
    </Page>
    <Page Include="ColorItemButton.xaml">
      <Filter>Views</Filter>
    </Page>
  </ItemGroup>
  <ItemGroup>
    <Text Include="readme.txt">
      <Filter>Resource Files</Filter>
    </Text>
  </ItemGroup>
  <ItemGroup>
    <ClInclude Include="pch.h">
      <Filter>Header Files</Filter>
    </ClInclude>
    <ClInclude Include="Utilities.h">
      <Filter>Header Files</Filter>
    </ClInclude>
    <ClInclude Include="resource.h">
      <Filter>Header Files</Filter>
    </ClInclude>
    <ClInclude Include="ColorHelper.h">
      <Filter>Header Files</Filter>
    </ClInclude>
  </ItemGroup>
  <ItemGroup>
    <Manifest Include="app.manifest">
      <Filter>Resource Files</Filter>
    </Manifest>
  </ItemGroup>
  <ItemGroup>
    <None Include="packages.config">
      <Filter>Resource Files</Filter>
    </None>
  </ItemGroup>
  <ItemGroup>
    <Natvis Include="$(MSBuildThisFileDirectory)..\..\natvis\wil.natvis">
      <Filter>Resource Files</Filter>
    </Natvis>
  </ItemGroup>
  <ItemGroup>
    <ResourceCompile Include="PickColor.rc">
      <Filter>Resource Files</Filter>
    </ResourceCompile>
  </ItemGroup>
</Project>